
Microsoft Visual Studio Solution File, Format Version 12.00
Project("{FAE04EC0-301F-11D3-BF4B-00C04F79EFBC}") = "SeaSharp", "SeaSharp\SeaSharp.csproj", "{06560B62-16B1-4DD4-A578-8EFAAA5F044A}"
EndProject
Global
	GlobalSection(SolutionConfigurationPlatforms) = preSolution
		Debug|Any CPU = Debug|Any CPU
		Release|Any CPU = Release|Any CPU
	EndGlobalSection
	GlobalSection(ProjectConfigurationPlatforms) = postSolution
		{06560B62-16B1-4DD4-A578-8EFAAA5F044A}.Debug|Any CPU.ActiveCfg = Debug|Any CPU
		{06560B62-16B1-4DD4-A578-8EFAAA5F044A}.Debug|Any CPU.Build.0 = Debug|Any CPU
		{06560B62-16B1-4DD4-A578-8EFAAA5F044A}.Release|Any CPU.ActiveCfg = Release|Any CPU
		{06560B62-16B1-4DD4-A578-8EFAAA5F044A}.Release|Any CPU.Build.0 = Release|Any CPU
	EndGlobalSection
EndGlobal
